
Microsoft Visual Studio Solution File, Format Version 12.00
# Visual Studio Version 16
VisualStudioVersion = 16.0.29411.108
MinimumVisualStudioVersion = 10.0.40219.1
Project("{FAE04EC0-301F-11D3-BF4B-00C04F79EFBC}") = "GrpcServer", "GrpcServer\GrpcServer.csproj", "{D7BBCF54-98F2-4BE4-B113-26C218412B09}"
EndProject
Project("{FAE04EC0-301F-11D3-BF4B-00C04F79EFBC}") = "GrpcClient", "GrpcClient\GrpcClient.csproj", "{539E0504-08E9-4E12-892D-12659C00DE30}"
EndProject
Global
	GlobalSection(SolutionConfigurationPlatforms) = preSolution
		Debug|Any CPU = Debug|Any CPU
		Release|Any CPU = Release|Any CPU
	EndGlobalSection
	GlobalSection(ProjectConfigurationPlatforms) = postSolution
		{D7BBCF54-98F2-4BE4-B113-26C218412B09}.Debug|Any CPU.ActiveCfg = Debug|Any CPU
		{D7BBCF54-98F2-4BE4-B113-26C218412B09}.Debug|Any CPU.Build.0 = Debug|Any CPU
		{D7BBCF54-98F2-4BE4-B113-26C218412B09}.Release|Any CPU.ActiveCfg = Release|Any CPU
		{D7BBCF54-98F2-4BE4-B113-26C218412B09}.Release|Any CPU.Build.0 = Release|Any CPU
		{539E0504-08E9-4E12-892D-12659C00DE30}.Debug|Any CPU.ActiveCfg = Debug|Any CPU
		{539E0504-08E9-4E12-892D-12659C00DE30}.Debug|Any CPU.Build.0 = Debug|Any CPU
		{539E0504-08E9-4E12-892D-12659C00DE30}.Release|Any CPU.ActiveCfg = Release|Any CPU
		{539E0504-08E9-4E12-892D-12659C00DE30}.Release|Any CPU.Build.0 = Release|Any CPU
	EndGlobalSection
	GlobalSection(SolutionProperties) = preSolution
		HideSolutionNode = FALSE
	EndGlobalSection
	GlobalSection(ExtensibilityGlobals) = postSolution
		SolutionGuid = {2B90C818-D9B8-4B93-AA59-936BE7826FE2}
	EndGlobalSection
EndGlobal
